
Microsoft Visual Studio Solution File, Format Version 12.00
# Visual Studio Version 17
VisualStudioVersion = 17.0.31903.59
MinimumVisualStudioVersion = 10.0.40219.1
Project("{FAE04EC0-301F-11D3-BF4B-00C04F79EFBC}") = "Lesson01", "Lesson01\Lesson01.csproj", "{B6EB862B-6173-48D4-8E09-005DD04B8EF4}"
EndProject
Project("{FAE04EC0-301F-11D3-BF4B-00C04F79EFBC}") = "Lesson02", "Lesson02\Lesson02.csproj", "{0AD019A0-D5FD-461D-B279-B27957EFD66A}"
EndProject
Project("{FAE04EC0-301F-11D3-BF4B-00C04F79EFBC}") = "Lesson03", "Lesson03\Lesson03.csproj", "{AEE122E5-B41A-486B-B00F-85FAE541D102}"
EndProject
Project("{FAE04EC0-301F-11D3-BF4B-00C04F79EFBC}") = "Lesson04", "Lesson04\Lesson04.csproj", "{B943F071-18FD-4B26-804D-4F294A1D6659}"
EndProject
Project("{FAE04EC0-301F-11D3-BF4B-00C04F79EFBC}") = "Lesson05", "Lesson05\Lesson05.csproj", "{CB922898-595B-4BC6-BFE8-DE6CFD8E34B4}"
EndProject
Project("{FAE04EC0-301F-11D3-BF4B-00C04F79EFBC}") = "Lesson06", "Lesson06\Lesson06.csproj", "{A77AA549-3039-432E-9A32-DB06DF58DD9C}"
EndProject
Project("{FAE04EC0-301F-11D3-BF4B-00C04F79EFBC}") = "Lesson07", "Lesson07\Lesson07.csproj", "{7908076B-CAE6-4D54-9843-34AFF2ACBFE1}"
EndProject
Project("{FAE04EC0-301F-11D3-BF4B-00C04F79EFBC}") = "Lesson08", "Lesson08\Lesson08.csproj", "{3A1F4730-4A12-4A38-9071-956C0B0E9E3D}"
EndProject
Project("{FAE04EC0-301F-11D3-BF4B-00C04F79EFBC}") = "Lesson09", "Lesson09\Lesson09.csproj", "{60A84E23-30E0-453D-8BEC-DF2D51CE70F7}"
EndProject
Project("{FAE04EC0-301F-11D3-BF4B-00C04F79EFBC}") = "Lesson10", "Lesson10\Lesson10.csproj", "{83DF3D4E-AE69-4857-BA09-76FB82DF06B9}"
EndProject
Project("{FAE04EC0-301F-11D3-BF4B-00C04F79EFBC}") = "Lesson11", "Lesson11\Lesson11.csproj", "{EAA629B0-95E1-4C30-80B4-2D68F2EC8BE3}"
EndProject
Project("{FAE04EC0-301F-11D3-BF4B-00C04F79EFBC}") = "Lesson12", "Lesson12\Lesson12.csproj", "{4665A504-1AAC-46F6-B682-BBCE44559C4E}"
EndProject
Project("{FAE04EC0-301F-11D3-BF4B-00C04F79EFBC}") = "Lesson13", "Lesson13\Lesson13.csproj", "{0BED72EA-FD90-4678-A2E6-571E037942BA}"
EndProject
Global
	GlobalSection(SolutionConfigurationPlatforms) = preSolution
		Debug|Any CPU = Debug|Any CPU
		Release|Any CPU = Release|Any CPU
	EndGlobalSection
	GlobalSection(SolutionProperties) = preSolution
		HideSolutionNode = FALSE
	EndGlobalSection
	GlobalSection(ProjectConfigurationPlatforms) = postSolution
		{B6EB862B-6173-48D4-8E09-005DD04B8EF4}.Debug|Any CPU.ActiveCfg = Debug|Any CPU
		{B6EB862B-6173-48D4-8E09-005DD04B8EF4}.Debug|Any CPU.Build.0 = Debug|Any CPU
		{B6EB862B-6173-48D4-8E09-005DD04B8EF4}.Release|Any CPU.ActiveCfg = Release|Any CPU
		{B6EB862B-6173-48D4-8E09-005DD04B8EF4}.Release|Any CPU.Build.0 = Release|Any CPU
		{0AD019A0-D5FD-461D-B279-B27957EFD66A}.Debug|Any CPU.ActiveCfg = Debug|Any CPU
		{0AD019A0-D5FD-461D-B279-B27957EFD66A}.Debug|Any CPU.Build.0 = Debug|Any CPU
		{0AD019A0-D5FD-461D-B279-B27957EFD66A}.Release|Any CPU.ActiveCfg = Release|Any CPU
		{0AD019A0-D5FD-461D-B279-B27957EFD66A}.Release|Any CPU.Build.0 = Release|Any CPU
		{AEE122E5-B41A-486B-B00F-85FAE541D102}.Debug|Any CPU.ActiveCfg = Debug|Any CPU
		{AEE122E5-B41A-486B-B00F-85FAE541D102}.Debug|Any CPU.Build.0 = Debug|Any CPU
		{AEE122E5-B41A-486B-B00F-85FAE541D102}.Release|Any CPU.ActiveCfg = Release|Any CPU
		{AEE122E5-B41A-486B-B00F-85FAE541D102}.Release|Any CPU.Build.0 = Release|Any CPU
		{B943F071-18FD-4B26-804D-4F294A1D6659}.Debug|Any CPU.ActiveCfg = Debug|Any CPU
		{B943F071-18FD-4B26-804D-4F294A1D6659}.Debug|Any CPU.Build.0 = Debug|Any CPU
		{B943F071-18FD-4B26-804D-4F294A1D6659}.Release|Any CPU.ActiveCfg = Release|Any CPU
		{B943F071-18FD-4B26-804D-4F294A1D6659}.Release|Any CPU.Build.0 = Release|Any CPU
		{CB922898-595B-4BC6-BFE8-DE6CFD8E34B4}.Debug|Any CPU.ActiveCfg = Debug|Any CPU
		{CB922898-595B-4BC6-BFE8-DE6CFD8E34B4}.Debug|Any CPU.Build.0 = Debug|Any CPU
		{CB922898-595B-4BC6-BFE8-DE6CFD8E34B4}.Release|Any CPU.ActiveCfg = Release|Any CPU
		{CB922898-595B-4BC6-BFE8-DE6CFD8E34B4}.Release|Any CPU.Build.0 = Release|Any CPU
		{A77AA549-3039-432E-9A32-DB06DF58DD9C}.Debug|Any CPU.ActiveCfg = Debug|Any CPU
		{A77AA549-3039-432E-9A32-DB06DF58DD9C}.Debug|Any CPU.Build.0 = Debug|Any CPU
		{A77AA549-3039-432E-9A32-DB06DF58DD9C}.Release|Any CPU.ActiveCfg = Release|Any CPU
		{A77AA549-3039-432E-9A32-DB06DF58DD9C}.Release|Any CPU.Build.0 = Release|Any CPU
		{7908076B-CAE6-4D54-9843-34AFF2ACBFE1}.Debug|Any CPU.ActiveCfg = Debug|Any CPU
		{7908076B-CAE6-4D54-9843-34AFF2ACBFE1}.Debug|Any CPU.Build.0 = Debug|Any CPU
		{7908076B-CAE6-4D54-9843-34AFF2ACBFE1}.Release|Any CPU.ActiveCfg = Release|Any CPU
		{7908076B-CAE6-4D54-9843-34AFF2ACBFE1}.Release|Any CPU.Build.0 = Release|Any CPU
		{3A1F4730-4A12-4A38-9071-956C0B0E9E3D}.Debug|Any CPU.ActiveCfg = Debug|Any CPU
		{3A1F4730-4A12-4A38-9071-956C0B0E9E3D}.Debug|Any CPU.Build.0 = Debug|Any CPU
		{3A1F4730-4A12-4A38-9071-956C0B0E9E3D}.Release|Any CPU.ActiveCfg = Release|Any CPU
		{3A1F4730-4A12-4A38-9071-956C0B0E9E3D}.Release|Any CPU.Build.0 = Release|Any CPU
		{60A84E23-30E0-453D-8BEC-DF2D51CE70F7}.Debug|Any CPU.ActiveCfg = Debug|Any CPU
		{60A84E23-30E0-453D-8BEC-DF2D51CE70F7}.Debug|Any CPU.Build.0 = Debug|Any CPU
		{60A84E23-30E0-453D-8BEC-DF2D51CE70F7}.Release|Any CPU.ActiveCfg = Release|Any CPU
		{60A84E23-30E0-453D-8BEC-DF2D51CE70F7}.Release|Any CPU.Build.0 = Release|Any CPU
		{83DF3D4E-AE69-4857-BA09-76FB82DF06B9}.Debug|Any CPU.ActiveCfg = Debug|Any CPU
		{83DF3D4E-AE69-4857-BA09-76FB82DF06B9}.Debug|Any CPU.Build.0 = Debug|Any CPU
		{83DF3D4E-AE69-4857-BA09-76FB82DF06B9}.Release|Any CPU.ActiveCfg = Release|Any CPU
		{83DF3D4E-AE69-4857-BA09-76FB82DF06B9}.Release|Any CPU.Build.0 = Release|Any CPU
		{EAA629B0-95E1-4C30-80B4-2D68F2EC8BE3}.Debug|Any CPU.ActiveCfg = Debug|Any CPU
		{EAA629B0-95E1-4C30-80B4-2D68F2EC8BE3}.Debug|Any CPU.Build.0 = Debug|Any CPU
		{EAA629B0-95E1-4C30-80B4-2D68F2EC8BE3}.Release|Any CPU.ActiveCfg = Release|Any CPU
		{EAA629B0-95E1-4C30-80B4-2D68F2EC8BE3}.Release|Any CPU.Build.0 = Release|Any CPU
		{4665A504-1AAC-46F6-B682-BBCE44559C4E}.Debug|Any CPU.ActiveCfg = Debug|Any CPU
		{4665A504-1AAC-46F6-B682-BBCE44559C4E}.Debug|Any CPU.Build.0 = Debug|Any CPU
		{4665A504-1AAC-46F6-B682-BBCE44559C4E}.Release|Any CPU.ActiveCfg = Release|Any CPU
		{4665A504-1AAC-46F6-B682-BBCE44559C4E}.Release|Any CPU.Build.0 = Release|Any CPU
		{0BED72EA-FD90-4678-A2E6-571E037942BA}.Debug|Any CPU.ActiveCfg = Debug|Any CPU
		{0BED72EA-FD90-4678-A2E6-571E037942BA}.Debug|Any CPU.Build.0 = Debug|Any CPU
		{0BED72EA-FD90-4678-A2E6-571E037942BA}.Release|Any CPU.ActiveCfg = Release|Any CPU
		{0BED72EA-FD90-4678-A2E6-571E037942BA}.Release|Any CPU.Build.0 = Release|Any CPU
	EndGlobalSection
EndGlobal
